
Microsoft Visual Studio Solution File, Format Version 12.00
# Visual Studio Version 17
VisualStudioVersion = 17.6.33829.357
MinimumVisualStudioVersion = 10.0.40219.1
Project("{2150E333-8FDC-42A3-9474-1A3956D46DE8}") = "Source", "Source", "{8BBA61CF-7763-40AC-B2D1-42B172032035}"
EndProject
Project("{2150E333-8FDC-42A3-9474-1A3956D46DE8}") = "Platforms", "Platforms", "{99B5078B-4C30-4966-A01D-AE7728B6A405}"
EndProject
Project("{9A19103F-16F7-4668-BE54-9A1E7A4F7556}") = "ToDo", "ToDo\ToDo.csproj", "{4E37FFC2-E16B-4A1C-B540-EB50877341D1}"
EndProject
Project("{9A19103F-16F7-4668-BE54-9A1E7A4F7556}") = "ToDo.Mobile", "ToDo.Mobile\ToDo.Mobile.csproj", "{C487406C-0609-4514-8BEC-6EFC263CDDDC}"
EndProject
Project("{9A19103F-16F7-4668-BE54-9A1E7A4F7556}") = "ToDo.Windows", "ToDo.Windows\ToDo.Windows.csproj", "{3354A934-BDCD-4EA7-8679-6A90CAD3D2E5}"
EndProject
Project("{9A19103F-16F7-4668-BE54-9A1E7A4F7556}") = "ToDo.Wasm", "ToDo.Wasm\ToDo.Wasm.csproj", "{EF15285A-3451-410D-916F-7CB5401C376A}"
EndProject
Project("{9A19103F-16F7-4668-BE54-9A1E7A4F7556}") = "ToDo.Skia.Gtk", "ToDo.Skia.Gtk\ToDo.Skia.Gtk.csproj", "{B6BE84B7-D8E1-40C2-A117-566F244ADB6E}"
EndProject
Global
	GlobalSection(SolutionConfigurationPlatforms) = preSolution
		Debug|Any CPU = Debug|Any CPU
		Debug|arm64 = Debug|arm64
		Debug|x64 = Debug|x64
		Debug|x86 = Debug|x86
		Release|Any CPU = Release|Any CPU
		Release|arm64 = Release|arm64
		Release|x64 = Release|x64
		Release|x86 = Release|x86
	EndGlobalSection
	GlobalSection(ProjectConfigurationPlatforms) = postSolution
		{4E37FFC2-E16B-4A1C-B540-EB50877341D1}.Debug|Any CPU.ActiveCfg = Debug|Any CPU
		{4E37FFC2-E16B-4A1C-B540-EB50877341D1}.Debug|Any CPU.Build.0 = Debug|Any CPU
		{4E37FFC2-E16B-4A1C-B540-EB50877341D1}.Debug|arm64.ActiveCfg = Debug|Any CPU
		{4E37FFC2-E16B-4A1C-B540-EB50877341D1}.Debug|arm64.Build.0 = Debug|Any CPU
		{4E37FFC2-E16B-4A1C-B540-EB50877341D1}.Debug|x64.ActiveCfg = Debug|Any CPU
		{4E37FFC2-E16B-4A1C-B540-EB50877341D1}.Debug|x64.Build.0 = Debug|Any CPU
		{4E37FFC2-E16B-4A1C-B540-EB50877341D1}.Debug|x86.ActiveCfg = Debug|Any CPU
		{4E37FFC2-E16B-4A1C-B540-EB50877341D1}.Debug|x86.Build.0 = Debug|Any CPU
		{4E37FFC2-E16B-4A1C-B540-EB50877341D1}.Release|Any CPU.ActiveCfg = Release|Any CPU
		{4E37FFC2-E16B-4A1C-B540-EB50877341D1}.Release|Any CPU.Build.0 = Release|Any CPU
		{4E37FFC2-E16B-4A1C-B540-EB50877341D1}.Release|arm64.ActiveCfg = Release|Any CPU
		{4E37FFC2-E16B-4A1C-B540-EB50877341D1}.Release|arm64.Build.0 = Release|Any CPU
		{4E37FFC2-E16B-4A1C-B540-EB50877341D1}.Release|x64.ActiveCfg = Release|Any CPU
		{4E37FFC2-E16B-4A1C-B540-EB50877341D1}.Release|x64.Build.0 = Release|Any CPU
		{4E37FFC2-E16B-4A1C-B540-EB50877341D1}.Release|x86.ActiveCfg = Release|Any CPU
		{4E37FFC2-E16B-4A1C-B540-EB50877341D1}.Release|x86.Build.0 = Release|Any CPU
		{C487406C-0609-4514-8BEC-6EFC263CDDDC}.Debug|Any CPU.ActiveCfg = Debug|Any CPU
		{C487406C-0609-4514-8BEC-6EFC263CDDDC}.Debug|Any CPU.Build.0 = Debug|Any CPU
		{C487406C-0609-4514-8BEC-6EFC263CDDDC}.Debug|Any CPU.Deploy.0 = Debug|Any CPU
		{C487406C-0609-4514-8BEC-6EFC263CDDDC}.Debug|arm64.ActiveCfg = Debug|Any CPU
		{C487406C-0609-4514-8BEC-6EFC263CDDDC}.Debug|arm64.Build.0 = Debug|Any CPU
		{C487406C-0609-4514-8BEC-6EFC263CDDDC}.Debug|arm64.Deploy.0 = Debug|Any CPU
		{C487406C-0609-4514-8BEC-6EFC263CDDDC}.Debug|x64.ActiveCfg = Debug|Any CPU
		{C487406C-0609-4514-8BEC-6EFC263CDDDC}.Debug|x64.Build.0 = Debug|Any CPU
		{C487406C-0609-4514-8BEC-6EFC263CDDDC}.Debug|x64.Deploy.0 = Debug|Any CPU
		{C487406C-0609-4514-8BEC-6EFC263CDDDC}.Debug|x86.ActiveCfg = Debug|Any CPU
		{C487406C-0609-4514-8BEC-6EFC263CDDDC}.Debug|x86.Build.0 = Debug|Any CPU
		{C487406C-0609-4514-8BEC-6EFC263CDDDC}.Debug|x86.Deploy.0 = Debug|Any CPU
		{C487406C-0609-4514-8BEC-6EFC263CDDDC}.Release|Any CPU.ActiveCfg = Release|Any CPU
		{C487406C-0609-4514-8BEC-6EFC263CDDDC}.Release|Any CPU.Build.0 = Release|Any CPU
		{C487406C-0609-4514-8BEC-6EFC263CDDDC}.Release|Any CPU.Deploy.0 = Release|Any CPU
		{C487406C-0609-4514-8BEC-6EFC263CDDDC}.Release|arm64.ActiveCfg = Release|Any CPU
		{C487406C-0609-4514-8BEC-6EFC263CDDDC}.Release|arm64.Build.0 = Release|Any CPU
		{C487406C-0609-4514-8BEC-6EFC263CDDDC}.Release|arm64.Deploy.0 = Release|Any CPU
		{C487406C-0609-4514-8BEC-6EFC263CDDDC}.Release|x64.ActiveCfg = Release|Any CPU
		{C487406C-0609-4514-8BEC-6EFC263CDDDC}.Release|x64.Build.0 = Release|Any CPU
		{C487406C-0609-4514-8BEC-6EFC263CDDDC}.Release|x64.Deploy.0 = Release|Any CPU
		{C487406C-0609-4514-8BEC-6EFC263CDDDC}.Release|x86.ActiveCfg = Release|Any CPU
		{C487406C-0609-4514-8BEC-6EFC263CDDDC}.Release|x86.Build.0 = Release|Any CPU
		{C487406C-0609-4514-8BEC-6EFC263CDDDC}.Release|x86.Deploy.0 = Release|Any CPU
		{3354A934-BDCD-4EA7-8679-6A90CAD3D2E5}.Debug|Any CPU.ActiveCfg = Debug|x64
		{3354A934-BDCD-4EA7-8679-6A90CAD3D2E5}.Debug|Any CPU.Build.0 = Debug|x64
		{3354A934-BDCD-4EA7-8679-6A90CAD3D2E5}.Debug|Any CPU.Deploy.0 = Debug|x64
		{3354A934-BDCD-4EA7-8679-6A90CAD3D2E5}.Debug|arm64.ActiveCfg = Debug|arm64
		{3354A934-BDCD-4EA7-8679-6A90CAD3D2E5}.Debug|arm64.Build.0 = Debug|arm64
		{3354A934-BDCD-4EA7-8679-6A90CAD3D2E5}.Debug|arm64.Deploy.0 = Debug|arm64
		{3354A934-BDCD-4EA7-8679-6A90CAD3D2E5}.Debug|x64.ActiveCfg = Debug|x64
		{3354A934-BDCD-4EA7-8679-6A90CAD3D2E5}.Debug|x64.Build.0 = Debug|x64
		{3354A934-BDCD-4EA7-8679-6A90CAD3D2E5}.Debug|x64.Deploy.0 = Debug|x64
		{3354A934-BDCD-4EA7-8679-6A90CAD3D2E5}.Debug|x86.ActiveCfg = Debug|x86
		{3354A934-BDCD-4EA7-8679-6A90CAD3D2E5}.Debug|x86.Build.0 = Debug|x86
		{3354A934-BDCD-4EA7-8679-6A90CAD3D2E5}.Debug|x86.Deploy.0 = Debug|x86
		{3354A934-BDCD-4EA7-8679-6A90CAD3D2E5}.Release|Any CPU.ActiveCfg = Release|x64
		{3354A934-BDCD-4EA7-8679-6A90CAD3D2E5}.Release|Any CPU.Build.0 = Release|x64
		{3354A934-BDCD-4EA7-8679-6A90CAD3D2E5}.Release|Any CPU.Deploy.0 = Release|x64
		{3354A934-BDCD-4EA7-8679-6A90CAD3D2E5}.Release|arm64.ActiveCfg = Release|arm64
		{3354A934-BDCD-4EA7-8679-6A90CAD3D2E5}.Release|arm64.Build.0 = Release|arm64
		{3354A934-BDCD-4EA7-8679-6A90CAD3D2E5}.Release|arm64.Deploy.0 = Release|arm64
		{3354A934-BDCD-4EA7-8679-6A90CAD3D2E5}.Release|x64.ActiveCfg = Release|x64
		{3354A934-BDCD-4EA7-8679-6A90CAD3D2E5}.Release|x64.Build.0 = Release|x64
		{3354A934-BDCD-4EA7-8679-6A90CAD3D2E5}.Release|x64.Deploy.0 = Release|x64
		{3354A934-BDCD-4EA7-8679-6A90CAD3D2E5}.Release|x86.ActiveCfg = Release|x86
		{3354A934-BDCD-4EA7-8679-6A90CAD3D2E5}.Release|x86.Build.0 = Release|x86
		{3354A934-BDCD-4EA7-8679-6A90CAD3D2E5}.Release|x86.Deploy.0 = Release|x86
		{EF15285A-3451-410D-916F-7CB5401C376A}.Debug|Any CPU.ActiveCfg = Debug|Any CPU
		{EF15285A-3451-410D-916F-7CB5401C376A}.Debug|Any CPU.Build.0 = Debug|Any CPU
		{EF15285A-3451-410D-916F-7CB5401C376A}.Debug|arm64.ActiveCfg = Debug|Any CPU
		{EF15285A-3451-410D-916F-7CB5401C376A}.Debug|arm64.Build.0 = Debug|Any CPU
		{EF15285A-3451-410D-916F-7CB5401C376A}.Debug|x64.ActiveCfg = Debug|Any CPU
		{EF15285A-3451-410D-916F-7CB5401C376A}.Debug|x64.Build.0 = Debug|Any CPU
		{EF15285A-3451-410D-916F-7CB5401C376A}.Debug|x86.ActiveCfg = Debug|Any CPU
		{EF15285A-3451-410D-916F-7CB5401C376A}.Debug|x86.Build.0 = Debug|Any CPU
		{EF15285A-3451-410D-916F-7CB5401C376A}.Release|Any CPU.ActiveCfg = Release|Any CPU
		{EF15285A-3451-410D-916F-7CB5401C376A}.Release|Any CPU.Build.0 = Release|Any CPU
		{EF15285A-3451-410D-916F-7CB5401C376A}.Release|arm64.ActiveCfg = Release|Any CPU
		{EF15285A-3451-410D-916F-7CB5401C376A}.Release|arm64.Build.0 = Release|Any CPU
		{EF15285A-3451-410D-916F-7CB5401C376A}.Release|x64.ActiveCfg = Release|Any CPU
		{EF15285A-3451-410D-916F-7CB5401C376A}.Release|x64.Build.0 = Release|Any CPU
		{EF15285A-3451-410D-916F-7CB5401C376A}.Release|x86.ActiveCfg = Release|Any CPU
		{EF15285A-3451-410D-916F-7CB5401C376A}.Release|x86.Build.0 = Release|Any CPU
		{B6BE84B7-D8E1-40C2-A117-566F244ADB6E}.Debug|Any CPU.ActiveCfg = Debug|Any CPU
		{B6BE84B7-D8E1-40C2-A117-566F244ADB6E}.Debug|Any CPU.Build.0 = Debug|Any CPU
		{B6BE84B7-D8E1-40C2-A117-566F244ADB6E}.Debug|arm64.ActiveCfg = Debug|Any CPU
		{B6BE84B7-D8E1-40C2-A117-566F244ADB6E}.Debug|arm64.Build.0 = Debug|Any CPU
		{B6BE84B7-D8E1-40C2-A117-566F244ADB6E}.Debug|x64.ActiveCfg = Debug|Any CPU
		{B6BE84B7-D8E1-40C2-A117-566F244ADB6E}.Debug|x64.Build.0 = Debug|Any CPU
		{B6BE84B7-D8E1-40C2-A117-566F244ADB6E}.Debug|x86.ActiveCfg = Debug|Any CPU
		{B6BE84B7-D8E1-40C2-A117-566F244ADB6E}.Debug|x86.Build.0 = Debug|Any CPU
		{B6BE84B7-D8E1-40C2-A117-566F244ADB6E}.Release|Any CPU.ActiveCfg = Release|Any CPU
		{B6BE84B7-D8E1-40C2-A117-566F244ADB6E}.Release|Any CPU.Build.0 = Release|Any CPU
		{B6BE84B7-D8E1-40C2-A117-566F244ADB6E}.Release|arm64.ActiveCfg = Release|Any CPU
		{B6BE84B7-D8E1-40C2-A117-566F244ADB6E}.Release|arm64.Build.0 = Release|Any CPU
		{B6BE84B7-D8E1-40C2-A117-566F244ADB6E}.Release|x64.ActiveCfg = Release|Any CPU
		{B6BE84B7-D8E1-40C2-A117-566F244ADB6E}.Release|x64.Build.0 = Release|Any CPU
		{B6BE84B7-D8E1-40C2-A117-566F244ADB6E}.Release|x86.ActiveCfg = Release|Any CPU
		{B6BE84B7-D8E1-40C2-A117-566F244ADB6E}.Release|x86.Build.0 = Release|Any CPU
	EndGlobalSection
	GlobalSection(SolutionProperties) = preSolution
		HideSolutionNode = FALSE
	EndGlobalSection
	GlobalSection(NestedProjects) = preSolution
		{99B5078B-4C30-4966-A01D-AE7728B6A405} = {8BBA61CF-7763-40AC-B2D1-42B172032035}
		{4E37FFC2-E16B-4A1C-B540-EB50877341D1} = {8BBA61CF-7763-40AC-B2D1-42B172032035}
		{C487406C-0609-4514-8BEC-6EFC263CDDDC} = {99B5078B-4C30-4966-A01D-AE7728B6A405}
		{3354A934-BDCD-4EA7-8679-6A90CAD3D2E5} = {99B5078B-4C30-4966-A01D-AE7728B6A405}
		{EF15285A-3451-410D-916F-7CB5401C376A} = {99B5078B-4C30-4966-A01D-AE7728B6A405}
		{B6BE84B7-D8E1-40C2-A117-566F244ADB6E} = {99B5078B-4C30-4966-A01D-AE7728B6A405}
	EndGlobalSection
	GlobalSection(ExtensibilityGlobals) = postSolution
		SolutionGuid = {82C25B24-04E8-4BDD-86E8-EC48355A383E}
	EndGlobalSection
EndGlobal
